// !$*UTF8*$!
{
	archiveVersion = 1;
	classes = {
	};
	objectVersion = 56;
	objects = {

/* Begin PBXBuildFile section */
		D52D1EC62AF0FDAB0081C48C /* AppDelegate.swift in Sources */ = {isa = PBXBuildFile; fileRef = D52D1EC52AF0FDAB0081C48C /* AppDelegate.swift */; };
		D52D1EC82AF0FDAB0081C48C /* SceneDelegate.swift in Sources */ = {isa = PBXBuildFile; fileRef = D52D1EC72AF0FDAB0081C48C /* SceneDelegate.swift */; };
		D52D1ECA2AF0FDAB0081C48C /* ViewController.swift in Sources */ = {isa = PBXBuildFile; fileRef = D52D1EC92AF0FDAB0081C48C /* ViewController.swift */; };
		D52D1ECD2AF0FDAB0081C48C /* Main.storyboard in Resources */ = {isa = PBXBuildFile; fileRef = D52D1ECB2AF0FDAB0081C48C /* Main.storyboard */; };
		D52D1ECF2AF0FDAE0081C48C /* Assets.xcassets in Resources */ = {isa = PBXBuildFile; fileRef = D52D1ECE2AF0FDAE0081C48C /* Assets.xcassets */; };
		D52D1ED22AF0FDAE0081C48C /* LaunchScreen.storyboard in Resources */ = {isa = PBXBuildFile; fileRef = D52D1ED02AF0FDAE0081C48C /* LaunchScreen.storyboard */; };
		D52D1EDA2AF101370081C48C /* InstanceViewController.swift in Sources */ = {isa = PBXBuildFile; fileRef = D52D1ED92AF101370081C48C /* InstanceViewController.swift */; };
		D52D1EDC2AF10B370081C48C /* SegueViewController.swift in Sources */ = {isa = PBXBuildFile; fileRef = D52D1EDB2AF10B360081C48C /* SegueViewController.swift */; };
		D59373372AFA50E20007A457 /* ProtocolFile.swift in Sources */ = {isa = PBXBuildFile; fileRef = D59373362AFA50E20007A457 /* ProtocolFile.swift */; };
		D5CAFFAB2AF241E700DD63F0 /* Storyboard.storyboard in Resources */ = {isa = PBXBuildFile; fileRef = D5CAFFAA2AF241E700DD63F0 /* Storyboard.storyboard */; };
		EAC1311C2AF4D92500D187D3 /* DestinationViewController.swift in Sources */ = {isa = PBXBuildFile; fileRef = EAC1311B2AF4D92500D187D3 /* DestinationViewController.swift */; };
/* End PBXBuildFile section */

/* Begin PBXFileReference section */
		D52D1EC22AF0FDAB0081C48C /* communicationTypesVC.app */ = {isa = PBXFileReference; explicitFileType = wrapper.application; includeInIndex = 0; path = communicationTypesVC.app; sourceTree = BUILT_PRODUCTS_DIR; };
		D52D1EC52AF0FDAB0081C48C /* AppDelegate.swift */ = {isa = PBXFileReference; lastKnownFileType = sourcecode.swift; path = AppDelegate.swift; sourceTree = "<group>"; };
		D52D1EC72AF0FDAB0081C48C /* SceneDelegate.swift */ = {isa = PBXFileReference; lastKnownFileType = sourcecode.swift; path = SceneDelegate.swift; sourceTree = "<group>"; };
		D52D1EC92AF0FDAB0081C48C /* ViewController.swift */ = {isa = PBXFileReference; lastKnownFileType = sourcecode.swift; path = ViewController.swift; sourceTree = "<group>"; };
		D52D1ECC2AF0FDAB0081C48C /* Base */ = {isa = PBXFileReference; lastKnownFileType = file.storyboard; name = Base; path = Base.lproj/Main.storyboard; sourceTree = "<group>"; };
		D52D1ECE2AF0FDAE0081C48C /* Assets.xcassets */ = {isa = PBXFileReference; lastKnownFileType = folder.assetcatalog; path = Assets.xcassets; sourceTree = "<group>"; };
		D52D1ED12AF0FDAE0081C48C /* Base */ = {isa = PBXFileReference; lastKnownFileType = file.storyboard; name = Base; path = Base.lproj/LaunchScreen.storyboard; sourceTree = "<group>"; };
		D52D1ED32AF0FDAE0081C48C /* Info.plist */ = {isa = PBXFileReference; lastKnownFileType = text.plist.xml; path = Info.plist; sourceTree = "<group>"; };
		D52D1ED92AF101370081C48C /* InstanceViewController.swift */ = {isa = PBXFileReference; lastKnownFileType = sourcecode.swift; path = InstanceViewController.swift; sourceTree = "<group>"; };
		D52D1EDB2AF10B360081C48C /* SegueViewController.swift */ = {isa = PBXFileReference; lastKnownFileType = sourcecode.swift; path = SegueViewController.swift; sourceTree = "<group>"; };
		D59373362AFA50E20007A457 /* ProtocolFile.swift */ = {isa = PBXFileReference; lastKnownFileType = sourcecode.swift; path = ProtocolFile.swift; sourceTree = "<group>"; };
		D5CAFFAA2AF241E700DD63F0 /* Storyboard.storyboard */ = {isa = PBXFileReference; lastKnownFileType = file.storyboard; path = Storyboard.storyboard; sourceTree = "<group>"; };
		EAC1311B2AF4D92500D187D3 /* DestinationViewController.swift */ = {isa = PBXFileReference; lastKnownFileType = sourcecode.swift; path = DestinationViewController.swift; sourceTree = "<group>"; };
/* End PBXFileReference section */

/* Begin PBXFrameworksBuildPhase section */
		D52D1EBF2AF0FDAA0081C48C /* Frameworks */ = {
			isa = PBXFrameworksBuildPhase;
			buildActionMask = 2147483647;
			files = (
			);
			runOnlyForDeploymentPostprocessing = 0;
		};
/* End PBXFrameworksBuildPhase section */

/* Begin PBXGroup section */
		D52D1EB92AF0FDAA0081C48C = {
			isa = PBXGroup;
			children = (
				D52D1EC42AF0FDAB0081C48C /* communicationTypesVC */,
				D52D1EC32AF0FDAB0081C48C /* Products */,
			);
			sourceTree = "<group>";
		};
		D52D1EC32AF0FDAB0081C48C /* Products */ = {
			isa = PBXGroup;
			children = (
				D52D1EC22AF0FDAB0081C48C /* communicationTypesVC.app */,
			);
			name = Products;
			sourceTree = "<group>";
		};
		D52D1EC42AF0FDAB0081C48C /* communicationTypesVC */ = {
			isa = PBXGroup;
			children = (
				D52D1EC52AF0FDAB0081C48C /* AppDelegate.swift */,
				EAC1311B2AF4D92500D187D3 /* DestinationViewController.swift */,
				D52D1EC72AF0FDAB0081C48C /* SceneDelegate.swift */,
				D52D1EC92AF0FDAB0081C48C /* ViewController.swift */,
				D52D1ED92AF101370081C48C /* InstanceViewController.swift */,
				D52D1EDB2AF10B360081C48C /* SegueViewController.swift */,
				D59373362AFA50E20007A457 /* ProtocolFile.swift */,
				D52D1ECB2AF0FDAB0081C48C /* Main.storyboard */,
				D5CAFFAA2AF241E700DD63F0 /* Storyboard.storyboard */,
				D52D1ECE2AF0FDAE0081C48C /* Assets.xcassets */,
				D52D1ED02AF0FDAE0081C48C /* LaunchScreen.storyboard */,
				D52D1ED32AF0FDAE0081C48C /* Info.plist */,
			);
			path = communicationTypesVC;
			sourceTree = "<group>";
		};
/* End PBXGroup section */

/* Begin PBXNativeTarget section */
		D52D1EC12AF0FDAA0081C48C /* communicationTypesVC */ = {
			isa = PBXNativeTarget;
			buildConfigurationList = D52D1ED62AF0FDAE0081C48C /* Build configuration list for PBXNativeTarget "communicationTypesVC" */;
			buildPhases = (
				D52D1EBE2AF0FDAA0081C48C /* Sources */,
				D52D1EBF2AF0FDAA0081C48C /* Frameworks */,
				D52D1EC02AF0FDAA0081C48C /* Resources */,
			);
			buildRules = (
			);
			dependencies = (
			);
			name = communicationTypesVC;
			productName = communicationTypesVC;
			productReference = D52D1EC22AF0FDAB0081C48C /* communicationTypesVC.app */;
			productType = "com.apple.product-type.application";
		};
/* End PBXNativeTarget section */

/* Begin PBXProject section */
		D52D1EBA2AF0FDAA0081C48C /* Project object */ = {
			isa = PBXProject;
			attributes = {
				BuildIndependentTargetsInParallel = 1;
				LastSwiftUpdateCheck = 1500;
				LastUpgradeCheck = 1500;
				TargetAttributes = {
					D52D1EC12AF0FDAA0081C48C = {
						CreatedOnToolsVersion = 15.0;
					};
				};
			};
			buildConfigurationList = D52D1EBD2AF0FDAA0081C48C /* Build configuration list for PBXProject "communicationTypesVC" */;
			compatibilityVersion = "Xcode 14.0";
			developmentRegion = en;
			hasScannedForEncodings = 0;
			knownRegions = (
				en,
				Base,
			);
			mainGroup = D52D1EB92AF0FDAA0081C48C;
			productRefGroup = D52D1EC32AF0FDAB0081C48C /* Products */;
			projectDirPath = "";
			projectRoot = "";
			targets = (
				D52D1EC12AF0FDAA0081C48C /* communicationTypesVC */,
			);
		};
/* End PBXProject section */

/* Begin PBXResourcesBuildPhase section */
		D52D1EC02AF0FDAA0081C48C /* Resources */ = {
			isa = PBXResourcesBuildPhase;
			buildActionMask = 2147483647;
			files = (
				D52D1ED22AF0FDAE0081C48C /* LaunchScreen.storyboard in Resources */,
				D5CAFFAB2AF241E700DD63F0 /* Storyboard.storyboard in Resources */,
				D52D1ECF2AF0FDAE0081C48C /* Assets.xcassets in Resources */,
				D52D1ECD2AF0FDAB0081C48C /* Main.storyboard in Resources */,
			);
			runOnlyForDeploymentPostprocessing = 0;
		};
/* End PBXResourcesBuildPhase section */

/* Begin PBXSourcesBuildPhase section */
		D52D1EBE2AF0FDAA0081C48C /* Sources */ = {
			isa = PBXSourcesBuildPhase;
			buildActionMask = 2147483647;
			files = (
				D52D1ECA2AF0FDAB0081C48C /* ViewController.swift in Sources */,
				D59373372AFA50E20007A457 /* ProtocolFile.swift in Sources */,
				EAC1311C2AF4D92500D187D3 /* DestinationViewController.swift in Sources */,
				D52D1EC62AF0FDAB0081C48C /* AppDelegate.swift in Sources */,
				D52D1EC82AF0FDAB0081C48C /* SceneDelegate.swift in Sources */,
				D52D1EDC2AF10B370081C48C /* SegueViewController.swift in Sources */,
				D52D1EDA2AF101370081C48C /* InstanceViewController.swift in Sources */,
			);
			runOnlyForDeploymentPostprocessing = 0;
		};
/* End PBXSourcesBuildPhase section */

/* Begin PBXVariantGroup section */
		D52D1ECB2AF0FDAB0081C48C /* Main.storyboard */ = {
			isa = PBXVariantGroup;
			children = (
				D52D1ECC2AF0FDAB0081C48C /* Base */,
			);
			name = Main.storyboard;
			sourceTree = "<group>";
		};
		D52D1ED02AF0FDAE0081C48C /* LaunchScreen.storyboard */ = {
			isa = PBXVariantGroup;
			children = (
				D52D1ED12AF0FDAE0081C48C /* Base */,
			);
			name = LaunchScreen.storyboard;
			sourceTree = "<group>";
		};
/* End PBXVariantGroup section */

/* Begin XCBuildConfiguration section */
		D52D1ED42AF0FDAE0081C48C /* Debug */ = {
			isa = XCBuildConfiguration;
			buildSettings = {
				ALWAYS_SEARCH_USER_PATHS = NO;
				ASSETCATALOG_COMPILER_GENERATE_SWIFT_ASSET_SYMBOL_EXTENSIONS = YES;
				CLANG_ANALYZER_NONNULL = YES;
				CLANG_ANALYZER_NUMBER_OBJECT_CONVERSION = YES_AGGRESSIVE;
				CLANG_CXX_LANGUAGE_STANDARD = "gnu++20";
				CLANG_ENABLE_MODULES = YES;
				CLANG_ENABLE_OBJC_ARC = YES;
				CLANG_ENABLE_OBJC_WEAK = YES;
				CLANG_WARN_BLOCK_CAPTURE_AUTORELEASING = YES;
				CLANG_WARN_BOOL_CONVERSION = YES;
				CLANG_WARN_COMMA = YES;
				CLANG_WARN_CONSTANT_CONVERSION = YES;
				CLANG_WARN_DEPRECATED_OBJC_IMPLEMENTATIONS = YES;
				CLANG_WARN_DIRECT_OBJC_ISA_USAGE = YES_ERROR;
				CLANG_WARN_DOCUMENTATION_COMMENTS = YES;
				CLANG_WARN_EMPTY_BODY = YES;
				CLANG_WARN_ENUM_CONVERSION = YES;
				CLANG_WARN_INFINITE_RECURSION = YES;
				CLANG_WARN_INT_CONVERSION = YES;
				CLANG_WARN_NON_LITERAL_NULL_CONVERSION = YES;
				CLANG_WARN_OBJC_IMPLICIT_RETAIN_SELF = YES;
				CLANG_WARN_OBJC_LITERAL_CONVERSION = YES;
				CLANG_WARN_OBJC_ROOT_CLASS = YES_ERROR;
				CLANG_WARN_QUOTED_INCLUDE_IN_FRAMEWORK_HEADER = YES;
				CLANG_WARN_RANGE_LOOP_ANALYSIS = YES;
				CLANG_WARN_STRICT_PROTOTYPES = YES;
				CLANG_WARN_SUSPICIOUS_MOVE = YES;
				CLANG_WARN_UNGUARDED_AVAILABILITY = YES_AGGRESSIVE;
				CLANG_WARN_UNREACHABLE_CODE = YES;
				CLANG_WARN__DUPLICATE_METHOD_MATCH = YES;
				COPY_PHASE_STRIP = NO;
				DEBUG_INFORMATION_FORMAT = dwarf;
				ENABLE_STRICT_OBJC_MSGSEND = YES;
				ENABLE_TESTABILITY = YES;
				ENABLE_USER_SCRIPT_SANDBOXING = YES;
				GCC_C_LANGUAGE_STANDARD = gnu17;
				GCC_DYNAMIC_NO_PIC = NO;
				GCC_NO_COMMON_BLOCKS = YES;
				GCC_OPTIMIZATION_LEVEL = 0;
				GCC_PREPROCESSOR_DEFINITIONS = (
					"DEBUG=1",
					"$(inherited)",
				);
				GCC_WARN_64_TO_32_BIT_CONVERSION = YES;
				GCC_WARN_ABOUT_RETURN_TYPE = YES_ERROR;
				GCC_WARN_UNDECLARED_SELECTOR = YES;
				GCC_WARN_UNINITIALIZED_AUTOS = YES_AGGRESSIVE;
				GCC_WARN_UNUSED_FUNCTION = YES;
				GCC_WARN_UNUSED_VARIABLE = YES;
				IPHONEOS_DEPLOYMENT_TARGET = 14.0;
				LOCALIZATION_PREFERS_STRING_CATALOGS = YES;
				MTL_ENABLE_DEBUG_INFO = INCLUDE_SOURCE;
				MTL_FAST_MATH = YES;
				ONLY_ACTIVE_ARCH = YES;
				SDKROOT = iphoneos;
				SWIFT_ACTIVE_COMPILATION_CONDITIONS = "DEBUG $(inherited)";
				SWIFT_OPTIMIZATION_LEVEL = "-Onone";
			};
			name = Debug;
		};
		D52D1ED52AF0FDAE0081C48C /* Release */ = {
			isa = XCBuildConfiguration;
			buildSettings = {
				ALWAYS_SEARCH_USER_PATHS = NO;
				ASSETCATALOG_COMPILER_GENERATE_SWIFT_ASSET_SYMBOL_EXTENSIONS = YES;
				CLANG_ANALYZER_NONNULL = YES;
				CLANG_ANALYZER_NUMBER_OBJECT_CONVERSION = YES_AGGRESSIVE;
				CLANG_CXX_LANGUAGE_STANDARD = "gnu++20";
				CLANG_ENABLE_MODULES = YES;
				CLANG_ENABLE_OBJC_ARC = YES;
				CLANG_ENABLE_OBJC_WEAK = YES;
				CLANG_WARN_BLOCK_CAPTURE_AUTORELEASING = YES;
				CLANG_WARN_BOOL_CONVERSION = YES;
				CLANG_WARN_COMMA = YES;
				CLANG_WARN_CONSTANT_CONVERSION = YES;
				CLANG_WARN_DEPRECATED_OBJC_IMPLEMENTATIONS = YES;
				CLANG_WARN_DIRECT_OBJC_ISA_USAGE = YES_ERROR;
				CLANG_WARN_DOCUMENTATION_COMMENTS = YES;
				CLANG_WARN_EMPTY_BODY = YES;
				CLANG_WARN_ENUM_CONVERSION = YES;
				CLANG_WARN_INFINITE_RECURSION = YES;
				CLANG_WARN_INT_CONVERSION = YES;
				CLANG_WARN_NON_LITERAL_NULL_CONVERSION = YES;
				CLANG_WARN_OBJC_IMPLICIT_RETAIN_SELF = YES;
				CLANG_WARN_OBJC_LITERAL_CONVERSION = YES;
				CLANG_WARN_OBJC_ROOT_CLASS = YES_ERROR;
				CLANG_WARN_QUOTED_INCLUDE_IN_FRAMEWORK_HEADER = YES;
				CLANG_WARN_RANGE_LOOP_ANALYSIS = YES;
				CLANG_WARN_STRICT_PROTOTYPES = YES;
				CLANG_WARN_SUSPICIOUS_MOVE = YES;
				CLANG_WARN_UNGUARDED_AVAILABILITY = YES_AGGRESSIVE;
				CLANG_WARN_UNREACHABLE_CODE = YES;
				CLANG_WARN__DUPLICATE_METHOD_MATCH = YES;
				COPY_PHASE_STRIP = NO;
				DEBUG_INFORMATION_FORMAT = "dwarf-with-dsym";
				ENABLE_NS_ASSERTIONS = NO;
				ENABLE_STRICT_OBJC_MSGSEND = YES;
				ENABLE_USER_SCRIPT_SANDBOXING = YES;
				GCC_C_LANGUAGE_STANDARD = gnu17;
				GCC_NO_COMMON_BLOCKS = YES;
				GCC_WARN_64_TO_32_BIT_CONVERSION = YES;
				GCC_WARN_ABOUT_RETURN_TYPE = YES_ERROR;
				GCC_WARN_UNDECLARED_SELECTOR = YES;
				GCC_WARN_UNINITIALIZED_AUTOS = YES_AGGRESSIVE;
				GCC_WARN_UNUSED_FUNCTION = YES;
				GCC_WARN_UNUSED_VARIABLE = YES;
				IPHONEOS_DEPLOYMENT_TARGET = 14.0;
				LOCALIZATION_PREFERS_STRING_CATALOGS = YES;
				MTL_ENABLE_DEBUG_INFO = NO;
				MTL_FAST_MATH = YES;
				SDKROOT = iphoneos;
				SWIFT_COMPILATION_MODE = wholemodule;
				VALIDATE_PRODUCT = YES;
			};
			name = Release;
		};
		D52D1ED72AF0FDAE0081C48C /* Debug */ = {
			isa = XCBuildConfiguration;
			buildSettings = {
				ASSETCATALOG_COMPILER_APPICON_NAME = AppIcon;
				ASSETCATALOG_COMPILER_GLOBAL_ACCENT_COLOR_NAME = AccentColor;
				"CODE_SIGN_IDENTITY[sdk=iphoneos*]" = "iPhone Developer";
				CODE_SIGN_STYLE = Manual;
				CURRENT_PROJECT_VERSION = 1;
				DEVELOPMENT_TEAM = "";
				"DEVELOPMENT_TEAM[sdk=iphoneos*]" = ZTDSVWQ46V;
				GENERATE_INFOPLIST_FILE = YES;
				INFOPLIST_FILE = communicationTypesVC/Info.plist;
				INFOPLIST_KEY_UIApplicationSupportsIndirectInputEvents = YES;
				INFOPLIST_KEY_UILaunchStoryboardName = LaunchScreen;
				INFOPLIST_KEY_UIMainStoryboardFile = Main;
				INFOPLIST_KEY_UISupportedInterfaceOrientations_iPad = "UIInterfaceOrientationPortrait UIInterfaceOrientationPortraitUpsideDown UIInterfaceOrientationLandscapeLeft UIInterfaceOrientationLandscapeRight";
				INFOPLIST_KEY_UISupportedInterfaceOrientations_iPhone = "UIInterfaceOrientationPortrait UIInterfaceOrientationLandscapeLeft UIInterfaceOrientationLandscapeRight";
				IPHONEOS_DEPLOYMENT_TARGET = 14.0;
				LD_RUNPATH_SEARCH_PATHS = (
					"$(inherited)",
					"@executable_path/Frameworks",
				);
				MARKETING_VERSION = 1.0;
				PRODUCT_BUNDLE_IDENTIFIER = com.aurusinc.aurusinstaller;
				PRODUCT_NAME = "$(TARGET_NAME)";
				PROVISIONING_PROFILE_SPECIFIER = "";
				"PROVISIONING_PROFILE_SPECIFIER[sdk=iphoneos*]" = AurusInstaller;
				SWIFT_EMIT_LOC_STRINGS = YES;
				SWIFT_VERSION = 5.0;
				TARGETED_DEVICE_FAMILY = "1,2";
			};
			name = Debug;
		};
		D52D1ED82AF0FDAE0081C48C /* Release */ = {
			isa = XCBuildConfiguration;
			buildSettings = {
				ASSETCATALOG_COMPILER_APPICON_NAME = AppIcon;
				ASSETCATALOG_COMPILER_GLOBAL_ACCENT_COLOR_NAME = AccentColor;
				"CODE_SIGN_IDENTITY[sdk=iphoneos*]" = "iPhone Developer";
				CODE_SIGN_STYLE = Manual;
				CURRENT_PROJECT_VERSION = 1;
				DEVELOPMENT_TEAM = "";
				"DEVELOPMENT_TEAM[sdk=iphoneos*]" = ZTDSVWQ46V;
				GENERATE_INFOPLIST_FILE = YES;
				INFOPLIST_FILE = communicationTypesVC/Info.plist;
				INFOPLIST_KEY_UIApplicationSupportsIndirectInputEvents = YES;
				INFOPLIST_KEY_UILaunchStoryboardName = LaunchScreen;
				INFOPLIST_KEY_UIMainStoryboardFile = Main;
				INFOPLIST_KEY_UISupportedInterfaceOrientations_iPad = "UIInterfaceOrientationPortrait UIInterfaceOrientationPortraitUpsideDown UIInterfaceOrientationLandscapeLeft UIInterfaceOrientationLandscapeRight";
				INFOPLIST_KEY_UISupportedInterfaceOrientations_iPhone = "UIInterfaceOrientationPortrait UIInterfaceOrientationLandscapeLeft UIInterfaceOrientationLandscapeRight";
				IPHONEOS_DEPLOYMENT_TARGET = 14.0;
				LD_RUNPATH_SEARCH_PATHS = (
					"$(inherited)",
					"@executable_path/Frameworks",
				);
				MARKETING_VERSION = 1.0;
				PRODUCT_BUNDLE_IDENTIFIER = com.aurusinc.aurusinstaller;
				PRODUCT_NAME = "$(TARGET_NAME)";
				PROVISIONING_PROFILE_SPECIFIER = "";
				"PROVISIONING_PROFILE_SPECIFIER[sdk=iphoneos*]" = AurusInstaller;
				SWIFT_EMIT_LOC_STRINGS = YES;
				SWIFT_VERSION = 5.0;
				TARGETED_DEVICE_FAMILY = "1,2";
			};
			name = Release;
		};
/* End XCBuildConfiguration section */

/* Begin XCConfigurationList section */
		D52D1EBD2AF0FDAA0081C48C /* Build configuration list for PBXProject "communicationTypesVC" */ = {
			isa = XCConfigurationList;
			buildConfigurations = (
				D52D1ED42AF0FDAE0081C48C /* Debug */,
				D52D1ED52AF0FDAE0081C48C /* Release */,
			);
			defaultConfigurationIsVisible = 0;
			defaultConfigurationName = Release;
		};
		D52D1ED62AF0FDAE0081C48C /* Build configuration list for PBXNativeTarget "communicationTypesVC" */ = {
			isa = XCConfigurationList;
			buildConfigurations = (
				D52D1ED72AF0FDAE0081C48C /* Debug */,
				D52D1ED82AF0FDAE0081C48C /* Release */,
			);
			defaultConfigurationIsVisible = 0;
			defaultConfigurationName = Release;
		};
/* End XCConfigurationList section */
	};
	rootObject = D52D1EBA2AF0FDAA0081C48C /* Project object */;
}
